// !$*UTF8*$!
{
	archiveVersion = 1;
	classes = {
	};
	objectVersion = 48;
	objects = {

/* Begin PBXBuildFile section */
		8B13340920487FDD00696F44 /* AppDelegate.swift in Sources */ = {isa = PBXBuildFile; fileRef = 8B13340820487FDD00696F44 /* AppDelegate.swift */; };
		8B13340B20487FDD00696F44 /* ViewController.swift in Sources */ = {isa = PBXBuildFile; fileRef = 8B13340A20487FDD00696F44 /* ViewController.swift */; };
		8B13340E20487FDD00696F44 /* Main.storyboard in Resources */ = {isa = PBXBuildFile; fileRef = 8B13340C20487FDD00696F44 /* Main.storyboard */; };
		8B13341320487FDD00696F44 /* LaunchScreen.storyboard in Resources */ = {isa = PBXBuildFile; fileRef = 8B13341120487FDD00696F44 /* LaunchScreen.storyboard */; };
		8B13341B2048BB6600696F44 /* SettingsViewController.swift in Sources */ = {isa = PBXBuildFile; fileRef = 8B13341A2048BB6600696F44 /* SettingsViewController.swift */; };
		8B69D76722467EFD00F2F405 /* CustomView.swift in Sources */ = {isa = PBXBuildFile; fileRef = 8B69D76622467EFD00F2F405 /* CustomView.swift */; };
		8B69D769224684E100F2F405 /* CustomButton.swift in Sources */ = {isa = PBXBuildFile; fileRef = 8B69D768224684E100F2F405 /* CustomButton.swift */; };
		8B78F1A5204A32110057B420 /* GradientView.swift in Sources */ = {isa = PBXBuildFile; fileRef = 8B78F1A4204A32110057B420 /* GradientView.swift */; };
		8B849FE92264E85200B1A3D0 /* TapticFeedback.swift in Sources */ = {isa = PBXBuildFile; fileRef = 8B849FE82264E85200B1A3D0 /* TapticFeedback.swift */; };
		8BE39BA32247C09700A9A964 /* CustomGradientButton.swift in Sources */ = {isa = PBXBuildFile; fileRef = 8BE39BA22247C09700A9A964 /* CustomGradientButton.swift */; };
		8BF8F75E2048E39300CF04DD /* Assets.xcassets in Resources */ = {isa = PBXBuildFile; fileRef = 8BF8F75D2048E39300CF04DD /* Assets.xcassets */; };
/* End PBXBuildFile section */

/* Begin PBXFileReference section */
		8B13340520487FDD00696F44 /* PlusOne.app */ = {isa = PBXFileReference; explicitFileType = wrapper.application; includeInIndex = 0; path = PlusOne.app; sourceTree = BUILT_PRODUCTS_DIR; };
		8B13340820487FDD00696F44 /* AppDelegate.swift */ = {isa = PBXFileReference; lastKnownFileType = sourcecode.swift; path = AppDelegate.swift; sourceTree = "<group>"; };
		8B13340A20487FDD00696F44 /* ViewController.swift */ = {isa = PBXFileReference; lastKnownFileType = sourcecode.swift; path = ViewController.swift; sourceTree = "<group>"; };
		8B13340D20487FDD00696F44 /* Base */ = {isa = PBXFileReference; lastKnownFileType = file.storyboard; name = Base; path = Base.lproj/Main.storyboard; sourceTree = "<group>"; };
		8B13341220487FDD00696F44 /* Base */ = {isa = PBXFileReference; lastKnownFileType = file.storyboard; name = Base; path = Base.lproj/LaunchScreen.storyboard; sourceTree = "<group>"; };
		8B13341420487FDD00696F44 /* Info.plist */ = {isa = PBXFileReference; lastKnownFileType = text.plist.xml; path = Info.plist; sourceTree = "<group>"; };
		8B13341A2048BB6600696F44 /* SettingsViewController.swift */ = {isa = PBXFileReference; lastKnownFileType = sourcecode.swift; path = SettingsViewController.swift; sourceTree = "<group>"; };
		8B69D76622467EFD00F2F405 /* CustomView.swift */ = {isa = PBXFileReference; lastKnownFileType = sourcecode.swift; path = CustomView.swift; sourceTree = "<group>"; };
		8B69D768224684E100F2F405 /* CustomButton.swift */ = {isa = PBXFileReference; lastKnownFileType = sourcecode.swift; path = CustomButton.swift; sourceTree = "<group>"; };
		8B78F1A4204A32110057B420 /* GradientView.swift */ = {isa = PBXFileReference; lastKnownFileType = sourcecode.swift; path = GradientView.swift; sourceTree = "<group>"; };
		8B849FE82264E85200B1A3D0 /* TapticFeedback.swift */ = {isa = PBXFileReference; lastKnownFileType = sourcecode.swift; path = TapticFeedback.swift; sourceTree = "<group>"; };
		8BE39BA22247C09700A9A964 /* CustomGradientButton.swift */ = {isa = PBXFileReference; lastKnownFileType = sourcecode.swift; path = CustomGradientButton.swift; sourceTree = "<group>"; };
		8BF8F75D2048E39300CF04DD /* Assets.xcassets */ = {isa = PBXFileReference; lastKnownFileType = folder.assetcatalog; path = Assets.xcassets; sourceTree = "<group>"; };
/* End PBXFileReference section */

/* Begin PBXFrameworksBuildPhase section */
		8B13340220487FDD00696F44 /* Frameworks */ = {
			isa = PBXFrameworksBuildPhase;
			buildActionMask = 2147483647;
			files = (
			);
			runOnlyForDeploymentPostprocessing = 0;
		};
/* End PBXFrameworksBuildPhase section */

/* Begin PBXGroup section */
		8B1333FC20487FDD00696F44 = {
			isa = PBXGroup;
			children = (
				8B13340720487FDD00696F44 /* PlusOne */,
				8B13340620487FDD00696F44 /* Products */,
			);
			sourceTree = "<group>";
		};
		8B13340620487FDD00696F44 /* Products */ = {
			isa = PBXGroup;
			children = (
				8B13340520487FDD00696F44 /* PlusOne.app */,
			);
			name = Products;
			sourceTree = "<group>";
		};
		8B13340720487FDD00696F44 /* PlusOne */ = {
			isa = PBXGroup;
			children = (
				8B13340820487FDD00696F44 /* AppDelegate.swift */,
				8B849FE82264E85200B1A3D0 /* TapticFeedback.swift */,
				8B849FE32262513200B1A3D0 /* Controllers */,
				8B69D76622467EFD00F2F405 /* CustomView.swift */,
				8B69D768224684E100F2F405 /* CustomButton.swift */,
				8BE39BA22247C09700A9A964 /* CustomGradientButton.swift */,
				8B78F1A4204A32110057B420 /* GradientView.swift */,
				8B13340C20487FDD00696F44 /* Main.storyboard */,
				8BF8F75D2048E39300CF04DD /* Assets.xcassets */,
				8B13341120487FDD00696F44 /* LaunchScreen.storyboard */,
				8B13341420487FDD00696F44 /* Info.plist */,
			);
			path = PlusOne;
			sourceTree = "<group>";
		};
		8B849FE32262513200B1A3D0 /* Controllers */ = {
			isa = PBXGroup;
			children = (
				8B13340A20487FDD00696F44 /* ViewController.swift */,
				8B13341A2048BB6600696F44 /* SettingsViewController.swift */,
			);
			path = Controllers;
			sourceTree = "<group>";
		};
/* End PBXGroup section */

/* Begin PBXNativeTarget section */
		8B13340420487FDD00696F44 /* PlusOne */ = {
			isa = PBXNativeTarget;
			buildConfigurationList = 8B13341720487FDD00696F44 /* Build configuration list for PBXNativeTarget "PlusOne" */;
			buildPhases = (
				8B13340120487FDD00696F44 /* Sources */,
				8B13340220487FDD00696F44 /* Frameworks */,
				8B13340320487FDD00696F44 /* Resources */,
			);
			buildRules = (
			);
			dependencies = (
			);
			name = PlusOne;
			productName = PlusOne;
			productReference = 8B13340520487FDD00696F44 /* PlusOne.app */;
			productType = "com.apple.product-type.application";
		};
/* End PBXNativeTarget section */

/* Begin PBXProject section */
		8B1333FD20487FDD00696F44 /* Project object */ = {
			isa = PBXProject;
			attributes = {
				LastSwiftUpdateCheck = 0920;
				LastUpgradeCheck = 1010;
				ORGANIZATIONNAME = "Tobias Ruano";
				TargetAttributes = {
					8B13340420487FDD00696F44 = {
						CreatedOnToolsVersion = 9.2;
						LastSwiftMigration = 1010;
						ProvisioningStyle = Automatic;
					};
				};
			};
			buildConfigurationList = 8B13340020487FDD00696F44 /* Build configuration list for PBXProject "PlusOne" */;
			compatibilityVersion = "Xcode 8.0";
			developmentRegion = en;
			hasScannedForEncodings = 0;
			knownRegions = (
				en,
				Base,
			);
			mainGroup = 8B1333FC20487FDD00696F44;
			productRefGroup = 8B13340620487FDD00696F44 /* Products */;
			projectDirPath = "";
			projectRoot = "";
			targets = (
				8B13340420487FDD00696F44 /* PlusOne */,
			);
		};
/* End PBXProject section */

/* Begin PBXResourcesBuildPhase section */
		8B13340320487FDD00696F44 /* Resources */ = {
			isa = PBXResourcesBuildPhase;
			buildActionMask = 2147483647;
			files = (
				8B13341320487FDD00696F44 /* LaunchScreen.storyboard in Resources */,
				8BF8F75E2048E39300CF04DD /* Assets.xcassets in Resources */,
				8B13340E20487FDD00696F44 /* Main.storyboard in Resources */,
			);
			runOnlyForDeploymentPostprocessing = 0;
		};
/* End PBXResourcesBuildPhase section */

/* Begin PBXSourcesBuildPhase section */
		8B13340120487FDD00696F44 /* Sources */ = {
			isa = PBXSourcesBuildPhase;
			buildActionMask = 2147483647;
			files = (
				8B69D76722467EFD00F2F405 /* CustomView.swift in Sources */,
				8B849FE92264E85200B1A3D0 /* TapticFeedback.swift in Sources */,
				8B13340B20487FDD00696F44 /* ViewController.swift in Sources */,
				8BE39BA32247C09700A9A964 /* CustomGradientButton.swift in Sources */,
				8B69D769224684E100F2F405 /* CustomButton.swift in Sources */,
				8B13340920487FDD00696F44 /* AppDelegate.swift in Sources */,
				8B78F1A5204A32110057B420 /* GradientView.swift in Sources */,
				8B13341B2048BB6600696F44 /* SettingsViewController.swift in Sources */,
			);
			runOnlyForDeploymentPostprocessing = 0;
		};
/* End PBXSourcesBuildPhase section */

/* Begin PBXVariantGroup section */
		8B13340C20487FDD00696F44 /* Main.storyboard */ = {
			isa = PBXVariantGroup;
			children = (
				8B13340D20487FDD00696F44 /* Base */,
			);
			name = Main.storyboard;
			sourceTree = "<group>";
		};
		8B13341120487FDD00696F44 /* LaunchScreen.storyboard */ = {
			isa = PBXVariantGroup;
			children = (
				8B13341220487FDD00696F44 /* Base */,
			);
			name = LaunchScreen.storyboard;
			sourceTree = "<group>";
		};
/* End PBXVariantGroup section */

/* Begin XCBuildConfiguration section */
		8B13341520487FDD00696F44 /* Debug */ = {
			isa = XCBuildConfiguration;
			buildSettings = {
				ALWAYS_SEARCH_USER_PATHS = NO;
				CLANG_ANALYZER_NONNULL = YES;
				CLANG_ANALYZER_NUMBER_OBJECT_CONVERSION = YES_AGGRESSIVE;
				CLANG_CXX_LANGUAGE_STANDARD = "gnu++14";
				CLANG_CXX_LIBRARY = "libc++";
				CLANG_ENABLE_MODULES = YES;
				CLANG_ENABLE_OBJC_ARC = YES;
				CLANG_WARN_BLOCK_CAPTURE_AUTORELEASING = YES;
				CLANG_WARN_BOOL_CONVERSION = YES;
				CLANG_WARN_COMMA = YES;
				CLANG_WARN_CONSTANT_CONVERSION = YES;
				CLANG_WARN_DEPRECATED_OBJC_IMPLEMENTATIONS = YES;
				CLANG_WARN_DIRECT_OBJC_ISA_USAGE = YES_ERROR;
				CLANG_WARN_DOCUMENTATION_COMMENTS = YES;
				CLANG_WARN_EMPTY_BODY = YES;
				CLANG_WARN_ENUM_CONVERSION = YES;
				CLANG_WARN_INFINITE_RECURSION = YES;
				CLANG_WARN_INT_CONVERSION = YES;
				CLANG_WARN_NON_LITERAL_NULL_CONVERSION = YES;
				CLANG_WARN_OBJC_IMPLICIT_RETAIN_SELF = YES;
				CLANG_WARN_OBJC_LITERAL_CONVERSION = YES;
				CLANG_WARN_OBJC_ROOT_CLASS = YES_ERROR;
				CLANG_WARN_RANGE_LOOP_ANALYSIS = YES;
				CLANG_WARN_STRICT_PROTOTYPES = YES;
				CLANG_WARN_SUSPICIOUS_MOVE = YES;
				CLANG_WARN_UNGUARDED_AVAILABILITY = YES_AGGRESSIVE;
				CLANG_WARN_UNREACHABLE_CODE = YES;
				CLANG_WARN__DUPLICATE_METHOD_MATCH = YES;
				CODE_SIGN_IDENTITY = "iPhone Developer";
				COPY_PHASE_STRIP = NO;
				DEBUG_INFORMATION_FORMAT = dwarf;
				ENABLE_STRICT_OBJC_MSGSEND = YES;
				ENABLE_TESTABILITY = YES;
				GCC_C_LANGUAGE_STANDARD = gnu11;
				GCC_DYNAMIC_NO_PIC = NO;
				GCC_NO_COMMON_BLOCKS = YES;
				GCC_OPTIMIZATION_LEVEL = 0;
				GCC_PREPROCESSOR_DEFINITIONS = (
					"DEBUG=1",
					"$(inherited)",
				);
				GCC_WARN_64_TO_32_BIT_CONVERSION = YES;
				GCC_WARN_ABOUT_RETURN_TYPE = YES_ERROR;
				GCC_WARN_UNDECLARED_SELECTOR = YES;
				GCC_WARN_UNINITIALIZED_AUTOS = YES_AGGRESSIVE;
				GCC_WARN_UNUSED_FUNCTION = YES;
				GCC_WARN_UNUSED_VARIABLE = YES;
				IPHONEOS_DEPLOYMENT_TARGET = 11.0;
				MTL_ENABLE_DEBUG_INFO = YES;
				ONLY_ACTIVE_ARCH = YES;
				SDKROOT = iphoneos;
				SWIFT_ACTIVE_COMPILATION_CONDITIONS = DEBUG;
				SWIFT_OPTIMIZATION_LEVEL = "-Onone";
			};
			name = Debug;
		};
		8B13341620487FDD00696F44 /* Release */ = {
			isa = XCBuildConfiguration;
			buildSettings = {
				ALWAYS_SEARCH_USER_PATHS = NO;
				CLANG_ANALYZER_NONNULL = YES;
				CLANG_ANALYZER_NUMBER_OBJECT_CONVERSION = YES_AGGRESSIVE;
				CLANG_CXX_LANGUAGE_STANDARD = "gnu++14";
				CLANG_CXX_LIBRARY = "libc++";
				CLANG_ENABLE_MODULES = YES;
				CLANG_ENABLE_OBJC_ARC = YES;
				CLANG_WARN_BLOCK_CAPTURE_AUTORELEASING = YES;
				CLANG_WARN_BOOL_CONVERSION = YES;
				CLANG_WARN_COMMA = YES;
				CLANG_WARN_CONSTANT_CONVERSION = YES;
				CLANG_WARN_DEPRECATED_OBJC_IMPLEMENTATIONS = YES;
				CLANG_WARN_DIRECT_OBJC_ISA_USAGE = YES_ERROR;
				CLANG_WARN_DOCUMENTATION_COMMENTS = YES;
				CLANG_WARN_EMPTY_BODY = YES;
				CLANG_WARN_ENUM_CONVERSION = YES;
				CLANG_WARN_INFINITE_RECURSION = YES;
				CLANG_WARN_INT_CONVERSION = YES;
				CLANG_WARN_NON_LITERAL_NULL_CONVERSION = YES;
				CLANG_WARN_OBJC_IMPLICIT_RETAIN_SELF = YES;
				CLANG_WARN_OBJC_LITERAL_CONVERSION = YES;
				CLANG_WARN_OBJC_ROOT_CLASS = YES_ERROR;
				CLANG_WARN_RANGE_LOOP_ANALYSIS = YES;
				CLANG_WARN_STRICT_PROTOTYPES = YES;
				CLANG_WARN_SUSPICIOUS_MOVE = YES;
				CLANG_WARN_UNGUARDED_AVAILABILITY = YES_AGGRESSIVE;
				CLANG_WARN_UNREACHABLE_CODE = YES;
				CLANG_WARN__DUPLICATE_METHOD_MATCH = YES;
				CODE_SIGN_IDENTITY = "iPhone Developer";
				COPY_PHASE_STRIP = NO;
				DEBUG_INFORMATION_FORMAT = "dwarf-with-dsym";
				ENABLE_NS_ASSERTIONS = NO;
				ENABLE_STRICT_OBJC_MSGSEND = YES;
				GCC_C_LANGUAGE_STANDARD = gnu11;
				GCC_NO_COMMON_BLOCKS = YES;
				GCC_WARN_64_TO_32_BIT_CONVERSION = YES;
				GCC_WARN_ABOUT_RETURN_TYPE = YES_ERROR;
				GCC_WARN_UNDECLARED_SELECTOR = YES;
				GCC_WARN_UNINITIALIZED_AUTOS = YES_AGGRESSIVE;
				GCC_WARN_UNUSED_FUNCTION = YES;
				GCC_WARN_UNUSED_VARIABLE = YES;
				IPHONEOS_DEPLOYMENT_TARGET = 11.0;
				MTL_ENABLE_DEBUG_INFO = NO;
				SDKROOT = iphoneos;
				SWIFT_OPTIMIZATION_LEVEL = "-Owholemodule";
				VALIDATE_PRODUCT = YES;
			};
			name = Release;
		};
		8B13341820487FDD00696F44 /* Debug */ = {
			isa = XCBuildConfiguration;
			buildSettings = {
				ASSETCATALOG_COMPILER_APPICON_NAME = AppIcon;
				CODE_SIGN_IDENTITY = "iPhone Developer";
				CODE_SIGN_STYLE = Automatic;
				DEVELOPMENT_TEAM = 7344G4M3BL;
				INFOPLIST_FILE = PlusOne/Info.plist;
				IPHONEOS_DEPLOYMENT_TARGET = 11.0;
				LD_RUNPATH_SEARCH_PATHS = "$(inherited) @executable_path/Frameworks";
				PRODUCT_BUNDLE_IDENTIFIER = com.tobiasruano.PlusOne;
				PRODUCT_NAME = "$(TARGET_NAME)";
				PROVISIONING_PROFILE_SPECIFIER = "";
				SWIFT_VERSION = 4.2;
				TARGETED_DEVICE_FAMILY = 1;
			};
			name = Debug;
		};
		8B13341920487FDD00696F44 /* Release */ = {
			isa = XCBuildConfiguration;
			buildSettings = {
				ASSETCATALOG_COMPILER_APPICON_NAME = AppIcon;
				CODE_SIGN_IDENTITY = "iPhone Developer";
				CODE_SIGN_STYLE = Automatic;
				DEVELOPMENT_TEAM = 7344G4M3BL;
				INFOPLIST_FILE = PlusOne/Info.plist;
				IPHONEOS_DEPLOYMENT_TARGET = 11.0;
				LD_RUNPATH_SEARCH_PATHS = "$(inherited) @executable_path/Frameworks";
				PRODUCT_BUNDLE_IDENTIFIER = com.tobiasruano.PlusOne;
				PRODUCT_NAME = "$(TARGET_NAME)";
				PROVISIONING_PROFILE_SPECIFIER = "";
				SWIFT_VERSION = 4.2;
				TARGETED_DEVICE_FAMILY = 1;
			};
			name = Release;
		};
/* End XCBuildConfiguration section */

/* Begin XCConfigurationList section */
		8B13340020487FDD00696F44 /* Build configuration list for PBXProject "PlusOne" */ = {
			isa = XCConfigurationList;
			buildConfigurations = (
				8B13341520487FDD00696F44 /* Debug */,
				8B13341620487FDD00696F44 /* Release */,
			);
			defaultConfigurationIsVisible = 0;
			defaultConfigurationName = Release;
		};
		8B13341720487FDD00696F44 /* Build configuration list for PBXNativeTarget "PlusOne" */ = {
			isa = XCConfigurationList;
			buildConfigurations = (
				8B13341820487FDD00696F44 /* Debug */,
				8B13341920487FDD00696F44 /* Release */,
			);
			defaultConfigurationIsVisible = 0;
			defaultConfigurationName = Release;
		};
/* End XCConfigurationList section */
	};
	rootObject = 8B1333FD20487FDD00696F44 /* Project object */;
}
